<?xml version="1.0" encoding="utf-8"?>
<Project ToolsVersion="4.0" xmlns="http://schemas.microsoft.com/developer/msbuild/2003">
  <ItemGroup>
    <Filter Include="Source Files">
      <UniqueIdentifier>{3cbd0644-ba62-46cc-a001-72269f07311a}</UniqueIdentifier>
      <Extensions>cpp;c;cxx;rc;def;r;odl;idl;hpj;bat</Extensions>
    </Filter>
    <Filter Include="Header Files">
      <UniqueIdentifier>{3082555e-1c87-499b-a50b-c4fd40c97ff9}</UniqueIdentifier>
      <Extensions>h;hpp;hxx;hm;inl</Extensions>
    </Filter>
    <Filter Include="Resource Files">
      <UniqueIdentifier>{a0359188-da0c-4cba-b3dd-9ab0e4b50663}</UniqueIdentifier>
      <Extensions>ico;cur;bmp;dlg;rc2;rct;bin;rgs;gif;jpg;jpeg;jpe</Extensions>
    </Filter>
    <Filter Include="GameScene">
      <UniqueIdentifier>{95f760b4-4f13-43f0-b6e4-673d9e9f8e66}</UniqueIdentifier>
    </Filter>
    <Filter Include="NetworkPlay">
      <UniqueIdentifier>{e0a9616f-64a1-40f3-8828-0a7745dda385}</UniqueIdentifier>
    </Filter>
  </ItemGroup>
  <ItemGroup>
    <ClCompile Include="CharacterData.cpp">
      <Filter>Source Files</Filter>
    </ClCompile>
    <ClCompile Include="D3DApplication.cpp">
      <Filter>Source Files</Filter>
    </ClCompile>
    <ClCompile Include="dsutil.cpp">
      <Filter>Source Files</Filter>
    </ClCompile>
    <ClCompile Include="GameInput.cpp">
      <Filter>Source Files</Filter>
    </ClCompile>
    <ClCompile Include="GameTexture.cpp">
      <Filter>Source Files</Filter>
    </ClCompile>
    <ClCompile Include="LaserData.cpp">
      <Filter>Source Files</Filter>
    </ClCompile>
    <ClCompile Include="Main.cpp">
      <Filter>Source Files</Filter>
    </ClCompile>
    <ClCompile Include="MiMp3.cpp">
      <Filter>Source Files</Filter>
    </ClCompile>
    <ClCompile Include="PlayerData.cpp">
      <Filter>Source Files</Filter>
    </ClCompile>
    <ClCompile Include="RebelFighter.cpp">
      <Filter>Source Files</Filter>
    </ClCompile>
    <ClCompile Include="KSound.cpp">
      <Filter>Source Files</Filter>
    </ClCompile>
    <ClCompile Include="Timer.cpp">
      <Filter>Source Files</Filter>
    </ClCompile>
    <ClCompile Include="GameEnd.cpp">
      <Filter>GameScene</Filter>
    </ClCompile>
    <ClCompile Include="GameHowto.cpp">
      <Filter>GameScene</Filter>
    </ClCompile>
    <ClCompile Include="GamePlay.cpp">
      <Filter>GameScene</Filter>
    </ClCompile>
    <ClCompile Include="GameScene.cpp">
      <Filter>GameScene</Filter>
    </ClCompile>
    <ClCompile Include="GameStart.cpp">
      <Filter>GameScene</Filter>
    </ClCompile>
    <ClCompile Include="GameMulti.cpp">
      <Filter>NetworkPlay</Filter>
    </ClCompile>
  </ItemGroup>
  <ItemGroup>
    <ClInclude Include="_StdAfx.h">
      <Filter>Header Files</Filter>
    </ClInclude>
    <ClInclude Include="CDrawText.h">
      <Filter>Header Files</Filter>
    </ClInclude>
    <ClInclude Include="CharacterData.h">
      <Filter>Header Files</Filter>
    </ClInclude>
    <ClInclude Include="D3DApplication.h">
      <Filter>Header Files</Filter>
    </ClInclude>
    <ClInclude Include="dsutil.h">
      <Filter>Header Files</Filter>
    </ClInclude>
    <ClInclude Include="GameInput.h">
      <Filter>Header Files</Filter>
    </ClInclude>
    <ClInclude Include="GameTexture.h">
      <Filter>Header Files</Filter>
    </ClInclude>
    <ClInclude Include="LaserData.h">
      <Filter>Header Files</Filter>
    </ClInclude>
    <ClInclude Include="Main.h">
      <Filter>Header Files</Filter>
    </ClInclude>
    <ClInclude Include="MiMp3.h">
      <Filter>Header Files</Filter>
    </ClInclude>
    <ClInclude Include="PlayerData.h">
      <Filter>Header Files</Filter>
    </ClInclude>
    <ClInclude Include="KSound.h">
      <Filter>Header Files</Filter>
    </ClInclude>
    <ClInclude Include="Timer.h">
      <Filter>Header Files</Filter>
    </ClInclude>
    <ClInclude Include="GameEnd.h">
      <Filter>GameScene</Filter>
    </ClInclude>
    <ClInclude Include="GameHowto.h">
      <Filter>GameScene</Filter>
    </ClInclude>
    <ClInclude Include="GamePlay.h">
      <Filter>GameScene</Filter>
    </ClInclude>
    <ClInclude Include="GameScene.h">
      <Filter>GameScene</Filter>
    </ClInclude>
    <ClInclude Include="GameStart.h">
      <Filter>GameScene</Filter>
    </ClInclude>
    <ClInclude Include="GameMulti.h">
      <Filter>NetworkPlay</Filter>
    </ClInclude>
    <ClInclude Include="resource.h">
      <Filter>Header Files</Filter>
    </ClInclude>
  </ItemGroup>
  <ItemGroup>
    <ResourceCompile Include="RebelFighter.rc">
      <Filter>Resource Files</Filter>
    </ResourceCompile>
  </ItemGroup>
</Project>